// !$*UTF8*$!
{
	archiveVersion = 1;
	classes = {
	};
	objectVersion = 56;
	objects = {

/* Begin PBXBuildFile section */
		AC4D2F702B1F7DBD002B44A1 /* AppDelegate.swift in Sources */ = {isa = PBXBuildFile; fileRef = AC4D2F6F2B1F7DBD002B44A1 /* AppDelegate.swift */; };
		AC4D2F792B1F7DBE002B44A1 /* Assets.xcassets in Resources */ = {isa = PBXBuildFile; fileRef = AC4D2F782B1F7DBE002B44A1 /* Assets.xcassets */; };
		AC4D2F7C2B1F7DBE002B44A1 /* LaunchScreen.storyboard in Resources */ = {isa = PBXBuildFile; fileRef = AC4D2F7A2B1F7DBE002B44A1 /* LaunchScreen.storyboard */; };
		AC4D2F862B1F840C002B44A1 /* MainViewController.swift in Sources */ = {isa = PBXBuildFile; fileRef = AC4D2F842B1F840C002B44A1 /* MainViewController.swift */; };
		AC4D2F872B1F840C002B44A1 /* MainViewController.xib in Resources */ = {isa = PBXBuildFile; fileRef = AC4D2F852B1F840C002B44A1 /* MainViewController.xib */; };
		AC4D2F8E2B1F87C5002B44A1 /* Kingfisher in Frameworks */ = {isa = PBXBuildFile; productRef = AC4D2F8D2B1F87C5002B44A1 /* Kingfisher */; };
		AC4D2F9F2B1FB2CA002B44A1 /* MainViewController+TableView.swift in Sources */ = {isa = PBXBuildFile; fileRef = AC4D2F9E2B1FB2CA002B44A1 /* MainViewController+TableView.swift */; };
		AC4D2FA12B1FB666002B44A1 /* MainViewModel.swift in Sources */ = {isa = PBXBuildFile; fileRef = AC4D2FA02B1FB666002B44A1 /* MainViewModel.swift */; };
		AC4D2FA92B1FBBA6002B44A1 /* MoviesTests.swift in Sources */ = {isa = PBXBuildFile; fileRef = AC4D2FA82B1FBBA6002B44A1 /* MoviesTests.swift */; };
		AC4D2FB62B1FBBCF002B44A1 /* MoviesUITests.swift in Sources */ = {isa = PBXBuildFile; fileRef = AC4D2FB52B1FBBCF002B44A1 /* MoviesUITests.swift */; };
		AC4D2FB82B1FBBCF002B44A1 /* MoviesUITestsLaunchTests.swift in Sources */ = {isa = PBXBuildFile; fileRef = AC4D2FB72B1FBBCF002B44A1 /* MoviesUITestsLaunchTests.swift */; };
		AC4D2FBF2B1FBDCF002B44A1 /* TrendingMoviesResponse.swift in Sources */ = {isa = PBXBuildFile; fileRef = AC4D2FBE2B1FBDCF002B44A1 /* TrendingMoviesResponse.swift */; };
		AC4D2FC12B1FC416002B44A1 /* NetworkConstants.swift in Sources */ = {isa = PBXBuildFile; fileRef = AC4D2FC02B1FC416002B44A1 /* NetworkConstants.swift */; };
		AC4D2FC32B1FC55B002B44A1 /* ApiCall.swift in Sources */ = {isa = PBXBuildFile; fileRef = AC4D2FC22B1FC55B002B44A1 /* ApiCall.swift */; };
		AC4D2FC52B1FCC7F002B44A1 /* Observeable.swift in Sources */ = {isa = PBXBuildFile; fileRef = AC4D2FC42B1FCC7F002B44A1 /* Observeable.swift */; };
		AC941BDC2B20A9A4004A96CC /* MainMovieCell.swift in Sources */ = {isa = PBXBuildFile; fileRef = AC941BDA2B20A9A4004A96CC /* MainMovieCell.swift */; };
		AC941BDD2B20A9A4004A96CC /* MainMovieCell.xib in Resources */ = {isa = PBXBuildFile; fileRef = AC941BDB2B20A9A4004A96CC /* MainMovieCell.xib */; };
		AC941BDF2B20B805004A96CC /* UIViewExtensions.swift in Sources */ = {isa = PBXBuildFile; fileRef = AC941BDE2B20B805004A96CC /* UIViewExtensions.swift */; };
		AC941BE12B20BC82004A96CC /* MovieTableCellViewModel.swift in Sources */ = {isa = PBXBuildFile; fileRef = AC941BE02B20BC82004A96CC /* MovieTableCellViewModel.swift */; };
/* End PBXBuildFile section */

/* Begin PBXContainerItemProxy section */
		AC4D2FAA2B1FBBA6002B44A1 /* PBXContainerItemProxy */ = {
			isa = PBXContainerItemProxy;
			containerPortal = AC4D2F642B1F7DBD002B44A1 /* Project object */;
			proxyType = 1;
			remoteGlobalIDString = AC4D2F6B2B1F7DBD002B44A1;
			remoteInfo = Movies;
		};
		AC4D2FB92B1FBBCF002B44A1 /* PBXContainerItemProxy */ = {
			isa = PBXContainerItemProxy;
			containerPortal = AC4D2F642B1F7DBD002B44A1 /* Project object */;
			proxyType = 1;
			remoteGlobalIDString = AC4D2F6B2B1F7DBD002B44A1;
			remoteInfo = Movies;
		};
/* End PBXContainerItemProxy section */

/* Begin PBXFileReference section */
		AC4D2F6C2B1F7DBD002B44A1 /* Movies.app */ = {isa = PBXFileReference; explicitFileType = wrapper.application; includeInIndex = 0; path = Movies.app; sourceTree = BUILT_PRODUCTS_DIR; };
		AC4D2F6F2B1F7DBD002B44A1 /* AppDelegate.swift */ = {isa = PBXFileReference; lastKnownFileType = sourcecode.swift; path = AppDelegate.swift; sourceTree = "<group>"; };
		AC4D2F782B1F7DBE002B44A1 /* Assets.xcassets */ = {isa = PBXFileReference; lastKnownFileType = folder.assetcatalog; path = Assets.xcassets; sourceTree = "<group>"; };
		AC4D2F7B2B1F7DBE002B44A1 /* Base */ = {isa = PBXFileReference; lastKnownFileType = file.storyboard; name = Base; path = Base.lproj/LaunchScreen.storyboard; sourceTree = "<group>"; };
		AC4D2F7D2B1F7DBE002B44A1 /* Info.plist */ = {isa = PBXFileReference; lastKnownFileType = text.plist.xml; path = Info.plist; sourceTree = "<group>"; };
		AC4D2F842B1F840C002B44A1 /* MainViewController.swift */ = {isa = PBXFileReference; lastKnownFileType = sourcecode.swift; path = MainViewController.swift; sourceTree = "<group>"; };
		AC4D2F852B1F840C002B44A1 /* MainViewController.xib */ = {isa = PBXFileReference; lastKnownFileType = file.xib; path = MainViewController.xib; sourceTree = "<group>"; };
		AC4D2F9E2B1FB2CA002B44A1 /* MainViewController+TableView.swift */ = {isa = PBXFileReference; lastKnownFileType = sourcecode.swift; path = "MainViewController+TableView.swift"; sourceTree = "<group>"; };
		AC4D2FA02B1FB666002B44A1 /* MainViewModel.swift */ = {isa = PBXFileReference; lastKnownFileType = sourcecode.swift; path = MainViewModel.swift; sourceTree = "<group>"; };
		AC4D2FA62B1FBBA6002B44A1 /* MoviesTests.xctest */ = {isa = PBXFileReference; explicitFileType = wrapper.cfbundle; includeInIndex = 0; path = MoviesTests.xctest; sourceTree = BUILT_PRODUCTS_DIR; };
		AC4D2FA82B1FBBA6002B44A1 /* MoviesTests.swift */ = {isa = PBXFileReference; lastKnownFileType = sourcecode.swift; path = MoviesTests.swift; sourceTree = "<group>"; };
		AC4D2FB32B1FBBCF002B44A1 /* MoviesUITests.xctest */ = {isa = PBXFileReference; explicitFileType = wrapper.cfbundle; includeInIndex = 0; path = MoviesUITests.xctest; sourceTree = BUILT_PRODUCTS_DIR; };
		AC4D2FB52B1FBBCF002B44A1 /* MoviesUITests.swift */ = {isa = PBXFileReference; lastKnownFileType = sourcecode.swift; path = MoviesUITests.swift; sourceTree = "<group>"; };
		AC4D2FB72B1FBBCF002B44A1 /* MoviesUITestsLaunchTests.swift */ = {isa = PBXFileReference; lastKnownFileType = sourcecode.swift; path = MoviesUITestsLaunchTests.swift; sourceTree = "<group>"; };
		AC4D2FBE2B1FBDCF002B44A1 /* TrendingMoviesResponse.swift */ = {isa = PBXFileReference; lastKnownFileType = sourcecode.swift; path = TrendingMoviesResponse.swift; sourceTree = "<group>"; };
		AC4D2FC02B1FC416002B44A1 /* NetworkConstants.swift */ = {isa = PBXFileReference; lastKnownFileType = sourcecode.swift; path = NetworkConstants.swift; sourceTree = "<group>"; };
		AC4D2FC22B1FC55B002B44A1 /* ApiCall.swift */ = {isa = PBXFileReference; lastKnownFileType = sourcecode.swift; path = ApiCall.swift; sourceTree = "<group>"; };
		AC4D2FC42B1FCC7F002B44A1 /* Observeable.swift */ = {isa = PBXFileReference; lastKnownFileType = sourcecode.swift; path = Observeable.swift; sourceTree = "<group>"; };
		AC941BDA2B20A9A4004A96CC /* MainMovieCell.swift */ = {isa = PBXFileReference; lastKnownFileType = sourcecode.swift; path = MainMovieCell.swift; sourceTree = "<group>"; };
		AC941BDB2B20A9A4004A96CC /* MainMovieCell.xib */ = {isa = PBXFileReference; lastKnownFileType = file.xib; path = MainMovieCell.xib; sourceTree = "<group>"; };
		AC941BDE2B20B805004A96CC /* UIViewExtensions.swift */ = {isa = PBXFileReference; lastKnownFileType = sourcecode.swift; path = UIViewExtensions.swift; sourceTree = "<group>"; };
		AC941BE02B20BC82004A96CC /* MovieTableCellViewModel.swift */ = {isa = PBXFileReference; lastKnownFileType = sourcecode.swift; path = MovieTableCellViewModel.swift; sourceTree = "<group>"; };
/* End PBXFileReference section */

/* Begin PBXFrameworksBuildPhase section */
		AC4D2F692B1F7DBD002B44A1 /* Frameworks */ = {
			isa = PBXFrameworksBuildPhase;
			buildActionMask = 2147483647;
			files = (
				AC4D2F8E2B1F87C5002B44A1 /* Kingfisher in Frameworks */,
			);
			runOnlyForDeploymentPostprocessing = 0;
		};
		AC4D2FA32B1FBBA6002B44A1 /* Frameworks */ = {
			isa = PBXFrameworksBuildPhase;
			buildActionMask = 2147483647;
			files = (
			);
			runOnlyForDeploymentPostprocessing = 0;
		};
		AC4D2FB02B1FBBCF002B44A1 /* Frameworks */ = {
			isa = PBXFrameworksBuildPhase;
			buildActionMask = 2147483647;
			files = (
			);
			runOnlyForDeploymentPostprocessing = 0;
		};
/* End PBXFrameworksBuildPhase section */

/* Begin PBXGroup section */
		AC4D2F632B1F7DBD002B44A1 = {
			isa = PBXGroup;
			children = (
				AC4D2F6E2B1F7DBD002B44A1 /* Movies */,
				AC4D2FA72B1FBBA6002B44A1 /* MoviesTests */,
				AC4D2FB42B1FBBCF002B44A1 /* MoviesUITests */,
				AC4D2F6D2B1F7DBD002B44A1 /* Products */,
			);
			sourceTree = "<group>";
		};
		AC4D2F6D2B1F7DBD002B44A1 /* Products */ = {
			isa = PBXGroup;
			children = (
				AC4D2F6C2B1F7DBD002B44A1 /* Movies.app */,
				AC4D2FA62B1FBBA6002B44A1 /* MoviesTests.xctest */,
				AC4D2FB32B1FBBCF002B44A1 /* MoviesUITests.xctest */,
			);
			name = Products;
			sourceTree = "<group>";
		};
		AC4D2F6E2B1F7DBD002B44A1 /* Movies */ = {
			isa = PBXGroup;
			children = (
				AC4D2F992B1F8EF3002B44A1 /* Networking */,
				AC4D2F982B1F8ED9002B44A1 /* Extensions */,
				AC4D2F952B1F8E9C002B44A1 /* Classes */,
				AC4D2F942B1F8E91002B44A1 /* Resources */,
				AC4D2F902B1F8E2A002B44A1 /* Model */,
				AC4D2F912B1F8E2C002B44A1 /* Controllers */,
				AC4D2F972B1F8EAA002B44A1 /* ViewModel */,
				AC4D2F962B1F8EA5002B44A1 /* View */,
				AC4D2F6F2B1F7DBD002B44A1 /* AppDelegate.swift */,
				AC4D2F7D2B1F7DBE002B44A1 /* Info.plist */,
			);
			path = Movies;
			sourceTree = "<group>";
		};
		AC4D2F832B1F83DD002B44A1 /* MainViewController */ = {
			isa = PBXGroup;
			children = (
				AC4D2F842B1F840C002B44A1 /* MainViewController.swift */,
				AC4D2F852B1F840C002B44A1 /* MainViewController.xib */,
				AC4D2F9E2B1FB2CA002B44A1 /* MainViewController+TableView.swift */,
			);
			path = MainViewController;
			sourceTree = "<group>";
		};
		AC4D2F902B1F8E2A002B44A1 /* Model */ = {
			isa = PBXGroup;
			children = (
				AC4D2FBE2B1FBDCF002B44A1 /* TrendingMoviesResponse.swift */,
			);
			path = Model;
			sourceTree = "<group>";
		};
		AC4D2F912B1F8E2C002B44A1 /* Controllers */ = {
			isa = PBXGroup;
			children = (
				AC4D2F832B1F83DD002B44A1 /* MainViewController */,
			);
			path = Controllers;
			sourceTree = "<group>";
		};
		AC4D2F942B1F8E91002B44A1 /* Resources */ = {
			isa = PBXGroup;
			children = (
				AC4D2F782B1F7DBE002B44A1 /* Assets.xcassets */,
			);
			path = Resources;
			sourceTree = "<group>";
		};
		AC4D2F952B1F8E9C002B44A1 /* Classes */ = {
			isa = PBXGroup;
			children = (
				AC4D2FC42B1FCC7F002B44A1 /* Observeable.swift */,
			);
			path = Classes;
			sourceTree = "<group>";
		};
		AC4D2F962B1F8EA5002B44A1 /* View */ = {
			isa = PBXGroup;
			children = (
				AC941BD52B20A94E004A96CC /* MainMovieCell */,
				AC4D2F7A2B1F7DBE002B44A1 /* LaunchScreen.storyboard */,
			);
			path = View;
			sourceTree = "<group>";
		};
		AC4D2F972B1F8EAA002B44A1 /* ViewModel */ = {
			isa = PBXGroup;
			children = (
				AC4D2FA02B1FB666002B44A1 /* MainViewModel.swift */,
				AC941BE02B20BC82004A96CC /* MovieTableCellViewModel.swift */,
			);
			path = ViewModel;
			sourceTree = "<group>";
		};
		AC4D2F982B1F8ED9002B44A1 /* Extensions */ = {
			isa = PBXGroup;
			children = (
				AC941BDE2B20B805004A96CC /* UIViewExtensions.swift */,
			);
			path = Extensions;
			sourceTree = "<group>";
		};
		AC4D2F992B1F8EF3002B44A1 /* Networking */ = {
			isa = PBXGroup;
			children = (
				AC4D2FC02B1FC416002B44A1 /* NetworkConstants.swift */,
				AC4D2FC22B1FC55B002B44A1 /* ApiCall.swift */,
			);
			path = Networking;
			sourceTree = "<group>";
		};
		AC4D2FA72B1FBBA6002B44A1 /* MoviesTests */ = {
			isa = PBXGroup;
			children = (
				AC4D2FA82B1FBBA6002B44A1 /* MoviesTests.swift */,
			);
			path = MoviesTests;
			sourceTree = "<group>";
		};
		AC4D2FB42B1FBBCF002B44A1 /* MoviesUITests */ = {
			isa = PBXGroup;
			children = (
				AC4D2FB52B1FBBCF002B44A1 /* MoviesUITests.swift */,
				AC4D2FB72B1FBBCF002B44A1 /* MoviesUITestsLaunchTests.swift */,
			);
			path = MoviesUITests;
			sourceTree = "<group>";
		};
		AC941BD52B20A94E004A96CC /* MainMovieCell */ = {
			isa = PBXGroup;
			children = (
				AC941BDA2B20A9A4004A96CC /* MainMovieCell.swift */,
				AC941BDB2B20A9A4004A96CC /* MainMovieCell.xib */,
			);
			path = MainMovieCell;
			sourceTree = "<group>";
		};
/* End PBXGroup section */

/* Begin PBXNativeTarget section */
		AC4D2F6B2B1F7DBD002B44A1 /* Movies */ = {
			isa = PBXNativeTarget;
			buildConfigurationList = AC4D2F802B1F7DBE002B44A1 /* Build configuration list for PBXNativeTarget "Movies" */;
			buildPhases = (
				AC4D2F682B1F7DBD002B44A1 /* Sources */,
				AC4D2F692B1F7DBD002B44A1 /* Frameworks */,
				AC4D2F6A2B1F7DBD002B44A1 /* Resources */,
			);
			buildRules = (
			);
			dependencies = (
			);
			name = Movies;
			packageProductDependencies = (
				AC4D2F8D2B1F87C5002B44A1 /* Kingfisher */,
			);
			productName = Movies;
			productReference = AC4D2F6C2B1F7DBD002B44A1 /* Movies.app */;
			productType = "com.apple.product-type.application";
		};
		AC4D2FA52B1FBBA6002B44A1 /* MoviesTests */ = {
			isa = PBXNativeTarget;
			buildConfigurationList = AC4D2FAC2B1FBBA6002B44A1 /* Build configuration list for PBXNativeTarget "MoviesTests" */;
			buildPhases = (
				AC4D2FA22B1FBBA6002B44A1 /* Sources */,
				AC4D2FA32B1FBBA6002B44A1 /* Frameworks */,
				AC4D2FA42B1FBBA6002B44A1 /* Resources */,
			);
			buildRules = (
			);
			dependencies = (
				AC4D2FAB2B1FBBA6002B44A1 /* PBXTargetDependency */,
			);
			name = MoviesTests;
			productName = MoviesTests;
			productReference = AC4D2FA62B1FBBA6002B44A1 /* MoviesTests.xctest */;
			productType = "com.apple.product-type.bundle.unit-test";
		};
		AC4D2FB22B1FBBCF002B44A1 /* MoviesUITests */ = {
			isa = PBXNativeTarget;
			buildConfigurationList = AC4D2FBB2B1FBBCF002B44A1 /* Build configuration list for PBXNativeTarget "MoviesUITests" */;
			buildPhases = (
				AC4D2FAF2B1FBBCF002B44A1 /* Sources */,
				AC4D2FB02B1FBBCF002B44A1 /* Frameworks */,
				AC4D2FB12B1FBBCF002B44A1 /* Resources */,
			);
			buildRules = (
			);
			dependencies = (
				AC4D2FBA2B1FBBCF002B44A1 /* PBXTargetDependency */,
			);
			name = MoviesUITests;
			productName = MoviesUITests;
			productReference = AC4D2FB32B1FBBCF002B44A1 /* MoviesUITests.xctest */;
			productType = "com.apple.product-type.bundle.ui-testing";
		};
/* End PBXNativeTarget section */

/* Begin PBXProject section */
		AC4D2F642B1F7DBD002B44A1 /* Project object */ = {
			isa = PBXProject;
			attributes = {
				BuildIndependentTargetsInParallel = 1;
				LastSwiftUpdateCheck = 1430;
				LastUpgradeCheck = 1430;
				TargetAttributes = {
					AC4D2F6B2B1F7DBD002B44A1 = {
						CreatedOnToolsVersion = 14.3;
					};
					AC4D2FA52B1FBBA6002B44A1 = {
						CreatedOnToolsVersion = 14.3;
						TestTargetID = AC4D2F6B2B1F7DBD002B44A1;
					};
					AC4D2FB22B1FBBCF002B44A1 = {
						CreatedOnToolsVersion = 14.3;
						TestTargetID = AC4D2F6B2B1F7DBD002B44A1;
					};
				};
			};
			buildConfigurationList = AC4D2F672B1F7DBD002B44A1 /* Build configuration list for PBXProject "Movies" */;
			compatibilityVersion = "Xcode 14.0";
			developmentRegion = en;
			hasScannedForEncodings = 0;
			knownRegions = (
				en,
				Base,
			);
			mainGroup = AC4D2F632B1F7DBD002B44A1;
			packageReferences = (
				AC4D2F8B2B1F87A8002B44A1 /* XCRemoteSwiftPackageReference "RxSwift" */,
				AC4D2F8C2B1F87C5002B44A1 /* XCRemoteSwiftPackageReference "Kingfisher" */,
			);
			productRefGroup = AC4D2F6D2B1F7DBD002B44A1 /* Products */;
			projectDirPath = "";
			projectRoot = "";
			targets = (
				AC4D2F6B2B1F7DBD002B44A1 /* Movies */,
				AC4D2FA52B1FBBA6002B44A1 /* MoviesTests */,
				AC4D2FB22B1FBBCF002B44A1 /* MoviesUITests */,
			);
		};
/* End PBXProject section */

/* Begin PBXResourcesBuildPhase section */
		AC4D2F6A2B1F7DBD002B44A1 /* Resources */ = {
			isa = PBXResourcesBuildPhase;
			buildActionMask = 2147483647;
			files = (
				AC4D2F7C2B1F7DBE002B44A1 /* LaunchScreen.storyboard in Resources */,
				AC4D2F872B1F840C002B44A1 /* MainViewController.xib in Resources */,
				AC4D2F792B1F7DBE002B44A1 /* Assets.xcassets in Resources */,
				AC941BDD2B20A9A4004A96CC /* MainMovieCell.xib in Resources */,
			);
			runOnlyForDeploymentPostprocessing = 0;
		};
		AC4D2FA42B1FBBA6002B44A1 /* Resources */ = {
			isa = PBXResourcesBuildPhase;
			buildActionMask = 2147483647;
			files = (
			);
			runOnlyForDeploymentPostprocessing = 0;
		};
		AC4D2FB12B1FBBCF002B44A1 /* Resources */ = {
			isa = PBXResourcesBuildPhase;
			buildActionMask = 2147483647;
			files = (
			);
			runOnlyForDeploymentPostprocessing = 0;
		};
/* End PBXResourcesBuildPhase section */

/* Begin PBXSourcesBuildPhase section */
		AC4D2F682B1F7DBD002B44A1 /* Sources */ = {
			isa = PBXSourcesBuildPhase;
			buildActionMask = 2147483647;
			files = (
				AC4D2FC12B1FC416002B44A1 /* NetworkConstants.swift in Sources */,
				AC941BDC2B20A9A4004A96CC /* MainMovieCell.swift in Sources */,
				AC4D2F9F2B1FB2CA002B44A1 /* MainViewController+TableView.swift in Sources */,
				AC4D2F702B1F7DBD002B44A1 /* AppDelegate.swift in Sources */,
				AC4D2FC32B1FC55B002B44A1 /* ApiCall.swift in Sources */,
				AC4D2F862B1F840C002B44A1 /* MainViewController.swift in Sources */,
				AC941BDF2B20B805004A96CC /* UIViewExtensions.swift in Sources */,
				AC941BE12B20BC82004A96CC /* MovieTableCellViewModel.swift in Sources */,
				AC4D2FBF2B1FBDCF002B44A1 /* TrendingMoviesResponse.swift in Sources */,
				AC4D2FC52B1FCC7F002B44A1 /* Observeable.swift in Sources */,
				AC4D2FA12B1FB666002B44A1 /* MainViewModel.swift in Sources */,
			);
			runOnlyForDeploymentPostprocessing = 0;
		};
		AC4D2FA22B1FBBA6002B44A1 /* Sources */ = {
			isa = PBXSourcesBuildPhase;
			buildActionMask = 2147483647;
			files = (
				AC4D2FA92B1FBBA6002B44A1 /* MoviesTests.swift in Sources */,
			);
			runOnlyForDeploymentPostprocessing = 0;
		};
		AC4D2FAF2B1FBBCF002B44A1 /* Sources */ = {
			isa = PBXSourcesBuildPhase;
			buildActionMask = 2147483647;
			files = (
				AC4D2FB62B1FBBCF002B44A1 /* MoviesUITests.swift in Sources */,
				AC4D2FB82B1FBBCF002B44A1 /* MoviesUITestsLaunchTests.swift in Sources */,
			);
			runOnlyForDeploymentPostprocessing = 0;
		};
/* End PBXSourcesBuildPhase section */

/* Begin PBXTargetDependency section */
		AC4D2FAB2B1FBBA6002B44A1 /* PBXTargetDependency */ = {
			isa = PBXTargetDependency;
			target = AC4D2F6B2B1F7DBD002B44A1 /* Movies */;
			targetProxy = AC4D2FAA2B1FBBA6002B44A1 /* PBXContainerItemProxy */;
		};
		AC4D2FBA2B1FBBCF002B44A1 /* PBXTargetDependency */ = {
			isa = PBXTargetDependency;
			target = AC4D2F6B2B1F7DBD002B44A1 /* Movies */;
			targetProxy = AC4D2FB92B1FBBCF002B44A1 /* PBXContainerItemProxy */;
		};
/* End PBXTargetDependency section */

/* Begin PBXVariantGroup section */
		AC4D2F7A2B1F7DBE002B44A1 /* LaunchScreen.storyboard */ = {
			isa = PBXVariantGroup;
			children = (
				AC4D2F7B2B1F7DBE002B44A1 /* Base */,
			);
			name = LaunchScreen.storyboard;
			sourceTree = "<group>";
		};
/* End PBXVariantGroup section */

/* Begin XCBuildConfiguration section */
		AC4D2F7E2B1F7DBE002B44A1 /* Debug */ = {
			isa = XCBuildConfiguration;
			buildSettings = {
				ALWAYS_SEARCH_USER_PATHS = NO;
				CLANG_ANALYZER_NONNULL = YES;
				CLANG_ANALYZER_NUMBER_OBJECT_CONVERSION = YES_AGGRESSIVE;
				CLANG_CXX_LANGUAGE_STANDARD = "gnu++20";
				CLANG_ENABLE_MODULES = YES;
				CLANG_ENABLE_OBJC_ARC = YES;
				CLANG_ENABLE_OBJC_WEAK = YES;
				CLANG_WARN_BLOCK_CAPTURE_AUTORELEASING = YES;
				CLANG_WARN_BOOL_CONVERSION = YES;
				CLANG_WARN_COMMA = YES;
				CLANG_WARN_CONSTANT_CONVERSION = YES;
				CLANG_WARN_DEPRECATED_OBJC_IMPLEMENTATIONS = YES;
				CLANG_WARN_DIRECT_OBJC_ISA_USAGE = YES_ERROR;
				CLANG_WARN_DOCUMENTATION_COMMENTS = YES;
				CLANG_WARN_EMPTY_BODY = YES;
				CLANG_WARN_ENUM_CONVERSION = YES;
				CLANG_WARN_INFINITE_RECURSION = YES;
				CLANG_WARN_INT_CONVERSION = YES;
				CLANG_WARN_NON_LITERAL_NULL_CONVERSION = YES;
				CLANG_WARN_OBJC_IMPLICIT_RETAIN_SELF = YES;
				CLANG_WARN_OBJC_LITERAL_CONVERSION = YES;
				CLANG_WARN_OBJC_ROOT_CLASS = YES_ERROR;
				CLANG_WARN_QUOTED_INCLUDE_IN_FRAMEWORK_HEADER = YES;
				CLANG_WARN_RANGE_LOOP_ANALYSIS = YES;
				CLANG_WARN_STRICT_PROTOTYPES = YES;
				CLANG_WARN_SUSPICIOUS_MOVE = YES;
				CLANG_WARN_UNGUARDED_AVAILABILITY = YES_AGGRESSIVE;
				CLANG_WARN_UNREACHABLE_CODE = YES;
				CLANG_WARN__DUPLICATE_METHOD_MATCH = YES;
				COPY_PHASE_STRIP = NO;
				DEBUG_INFORMATION_FORMAT = dwarf;
				ENABLE_STRICT_OBJC_MSGSEND = YES;
				ENABLE_TESTABILITY = YES;
				GCC_C_LANGUAGE_STANDARD = gnu11;
				GCC_DYNAMIC_NO_PIC = NO;
				GCC_NO_COMMON_BLOCKS = YES;
				GCC_OPTIMIZATION_LEVEL = 0;
				GCC_PREPROCESSOR_DEFINITIONS = (
					"DEBUG=1",
					"$(inherited)",
				);
				GCC_WARN_64_TO_32_BIT_CONVERSION = YES;
				GCC_WARN_ABOUT_RETURN_TYPE = YES_ERROR;
				GCC_WARN_UNDECLARED_SELECTOR = YES;
				GCC_WARN_UNINITIALIZED_AUTOS = YES_AGGRESSIVE;
				GCC_WARN_UNUSED_FUNCTION = YES;
				GCC_WARN_UNUSED_VARIABLE = YES;
				IPHONEOS_DEPLOYMENT_TARGET = 16.4;
				MTL_ENABLE_DEBUG_INFO = INCLUDE_SOURCE;
				MTL_FAST_MATH = YES;
				ONLY_ACTIVE_ARCH = YES;
				SDKROOT = iphoneos;
				SWIFT_ACTIVE_COMPILATION_CONDITIONS = DEBUG;
				SWIFT_OPTIMIZATION_LEVEL = "-Onone";
			};
			name = Debug;
		};
		AC4D2F7F2B1F7DBE002B44A1 /* Release */ = {
			isa = XCBuildConfiguration;
			buildSettings = {
				ALWAYS_SEARCH_USER_PATHS = NO;
				CLANG_ANALYZER_NONNULL = YES;
				CLANG_ANALYZER_NUMBER_OBJECT_CONVERSION = YES_AGGRESSIVE;
				CLANG_CXX_LANGUAGE_STANDARD = "gnu++20";
				CLANG_ENABLE_MODULES = YES;
				CLANG_ENABLE_OBJC_ARC = YES;
				CLANG_ENABLE_OBJC_WEAK = YES;
				CLANG_WARN_BLOCK_CAPTURE_AUTORELEASING = YES;
				CLANG_WARN_BOOL_CONVERSION = YES;
				CLANG_WARN_COMMA = YES;
				CLANG_WARN_CONSTANT_CONVERSION = YES;
				CLANG_WARN_DEPRECATED_OBJC_IMPLEMENTATIONS = YES;
				CLANG_WARN_DIRECT_OBJC_ISA_USAGE = YES_ERROR;
				CLANG_WARN_DOCUMENTATION_COMMENTS = YES;
				CLANG_WARN_EMPTY_BODY = YES;
				CLANG_WARN_ENUM_CONVERSION = YES;
				CLANG_WARN_INFINITE_RECURSION = YES;
				CLANG_WARN_INT_CONVERSION = YES;
				CLANG_WARN_NON_LITERAL_NULL_CONVERSION = YES;
				CLANG_WARN_OBJC_IMPLICIT_RETAIN_SELF = YES;
				CLANG_WARN_OBJC_LITERAL_CONVERSION = YES;
				CLANG_WARN_OBJC_ROOT_CLASS = YES_ERROR;
				CLANG_WARN_QUOTED_INCLUDE_IN_FRAMEWORK_HEADER = YES;
				CLANG_WARN_RANGE_LOOP_ANALYSIS = YES;
				CLANG_WARN_STRICT_PROTOTYPES = YES;
				CLANG_WARN_SUSPICIOUS_MOVE = YES;
				CLANG_WARN_UNGUARDED_AVAILABILITY = YES_AGGRESSIVE;
				CLANG_WARN_UNREACHABLE_CODE = YES;
				CLANG_WARN__DUPLICATE_METHOD_MATCH = YES;
				COPY_PHASE_STRIP = NO;
				DEBUG_INFORMATION_FORMAT = "dwarf-with-dsym";
				ENABLE_NS_ASSERTIONS = NO;
				ENABLE_STRICT_OBJC_MSGSEND = YES;
				GCC_C_LANGUAGE_STANDARD = gnu11;
				GCC_NO_COMMON_BLOCKS = YES;
				GCC_WARN_64_TO_32_BIT_CONVERSION = YES;
				GCC_WARN_ABOUT_RETURN_TYPE = YES_ERROR;
				GCC_WARN_UNDECLARED_SELECTOR = YES;
				GCC_WARN_UNINITIALIZED_AUTOS = YES_AGGRESSIVE;
				GCC_WARN_UNUSED_FUNCTION = YES;
				GCC_WARN_UNUSED_VARIABLE = YES;
				IPHONEOS_DEPLOYMENT_TARGET = 16.4;
				MTL_ENABLE_DEBUG_INFO = NO;
				MTL_FAST_MATH = YES;
				SDKROOT = iphoneos;
				SWIFT_COMPILATION_MODE = wholemodule;
				SWIFT_OPTIMIZATION_LEVEL = "-O";
				VALIDATE_PRODUCT = YES;
			};
			name = Release;
		};
		AC4D2F812B1F7DBE002B44A1 /* Debug */ = {
			isa = XCBuildConfiguration;
			buildSettings = {
				ASSETCATALOG_COMPILER_APPICON_NAME = AppIcon;
				ASSETCATALOG_COMPILER_GLOBAL_ACCENT_COLOR_NAME = AccentColor;
				CODE_SIGN_STYLE = Automatic;
				CURRENT_PROJECT_VERSION = 1;
				GENERATE_INFOPLIST_FILE = YES;
				INFOPLIST_FILE = Movies/Info.plist;
				INFOPLIST_KEY_UIApplicationSupportsIndirectInputEvents = YES;
				INFOPLIST_KEY_UILaunchStoryboardName = LaunchScreen.storyboard;
				INFOPLIST_KEY_UIMainStoryboardFile = "";
				INFOPLIST_KEY_UISupportedInterfaceOrientations = UIInterfaceOrientationPortrait;
				INFOPLIST_KEY_UISupportedInterfaceOrientations_iPad = "UIInterfaceOrientationLandscapeLeft UIInterfaceOrientationLandscapeRight UIInterfaceOrientationPortrait UIInterfaceOrientationPortraitUpsideDown";
				LD_RUNPATH_SEARCH_PATHS = (
					"$(inherited)",
					"@executable_path/Frameworks",
				);
				MARKETING_VERSION = 1.0;
				PRODUCT_BUNDLE_IDENTIFIER = com.aralbenli.Movies;
				PRODUCT_NAME = "$(TARGET_NAME)";
				SUPPORTED_PLATFORMS = "iphoneos iphonesimulator";
				SUPPORTS_MACCATALYST = NO;
				SUPPORTS_MAC_DESIGNED_FOR_IPHONE_IPAD = NO;
				SWIFT_EMIT_LOC_STRINGS = YES;
				SWIFT_VERSION = 5.0;
				TARGETED_DEVICE_FAMILY = 1;
			};
			name = Debug;
		};
		AC4D2F822B1F7DBE002B44A1 /* Release */ = {
			isa = XCBuildConfiguration;
			buildSettings = {
				ASSETCATALOG_COMPILER_APPICON_NAME = AppIcon;
				ASSETCATALOG_COMPILER_GLOBAL_ACCENT_COLOR_NAME = AccentColor;
				CODE_SIGN_STYLE = Automatic;
				CURRENT_PROJECT_VERSION = 1;
				GENERATE_INFOPLIST_FILE = YES;
				INFOPLIST_FILE = Movies/Info.plist;
				INFOPLIST_KEY_UIApplicationSupportsIndirectInputEvents = YES;
				INFOPLIST_KEY_UILaunchStoryboardName = LaunchScreen.storyboard;
				INFOPLIST_KEY_UIMainStoryboardFile = "";
				INFOPLIST_KEY_UISupportedInterfaceOrientations = UIInterfaceOrientationPortrait;
				INFOPLIST_KEY_UISupportedInterfaceOrientations_iPad = "UIInterfaceOrientationLandscapeLeft UIInterfaceOrientationLandscapeRight UIInterfaceOrientationPortrait UIInterfaceOrientationPortraitUpsideDown";
				LD_RUNPATH_SEARCH_PATHS = (
					"$(inherited)",
					"@executable_path/Frameworks",
				);
				MARKETING_VERSION = 1.0;
				PRODUCT_BUNDLE_IDENTIFIER = com.aralbenli.Movies;
				PRODUCT_NAME = "$(TARGET_NAME)";
				SUPPORTED_PLATFORMS = "iphoneos iphonesimulator";
				SUPPORTS_MACCATALYST = NO;
				SUPPORTS_MAC_DESIGNED_FOR_IPHONE_IPAD = NO;
				SWIFT_EMIT_LOC_STRINGS = YES;
				SWIFT_VERSION = 5.0;
				TARGETED_DEVICE_FAMILY = 1;
			};
			name = Release;
		};
		AC4D2FAD2B1FBBA6002B44A1 /* Debug */ = {
			isa = XCBuildConfiguration;
			buildSettings = {
				BUNDLE_LOADER = "$(TEST_HOST)";
				CODE_SIGN_STYLE = Automatic;
				CURRENT_PROJECT_VERSION = 1;
				GENERATE_INFOPLIST_FILE = YES;
				MARKETING_VERSION = 1.0;
				PRODUCT_BUNDLE_IDENTIFIER = com.aralbenli.MoviesTests;
				PRODUCT_NAME = "$(TARGET_NAME)";
				SWIFT_EMIT_LOC_STRINGS = NO;
				SWIFT_VERSION = 5.0;
				TARGETED_DEVICE_FAMILY = "1,2";
				TEST_HOST = "$(BUILT_PRODUCTS_DIR)/Movies.app/$(BUNDLE_EXECUTABLE_FOLDER_PATH)/Movies";
			};
			name = Debug;
		};
		AC4D2FAE2B1FBBA6002B44A1 /* Release */ = {
			isa = XCBuildConfiguration;
			buildSettings = {
				BUNDLE_LOADER = "$(TEST_HOST)";
				CODE_SIGN_STYLE = Automatic;
				CURRENT_PROJECT_VERSION = 1;
				GENERATE_INFOPLIST_FILE = YES;
				MARKETING_VERSION = 1.0;
				PRODUCT_BUNDLE_IDENTIFIER = com.aralbenli.MoviesTests;
				PRODUCT_NAME = "$(TARGET_NAME)";
				SWIFT_EMIT_LOC_STRINGS = NO;
				SWIFT_VERSION = 5.0;
				TARGETED_DEVICE_FAMILY = "1,2";
				TEST_HOST = "$(BUILT_PRODUCTS_DIR)/Movies.app/$(BUNDLE_EXECUTABLE_FOLDER_PATH)/Movies";
			};
			name = Release;
		};
		AC4D2FBC2B1FBBCF002B44A1 /* Debug */ = {
			isa = XCBuildConfiguration;
			buildSettings = {
				CODE_SIGN_STYLE = Automatic;
				CURRENT_PROJECT_VERSION = 1;
				GENERATE_INFOPLIST_FILE = YES;
				MARKETING_VERSION = 1.0;
				PRODUCT_BUNDLE_IDENTIFIER = com.aralbenli.MoviesUITests;
				PRODUCT_NAME = "$(TARGET_NAME)";
				SWIFT_EMIT_LOC_STRINGS = NO;
				SWIFT_VERSION = 5.0;
				TARGETED_DEVICE_FAMILY = "1,2";
				TEST_TARGET_NAME = Movies;
			};
			name = Debug;
		};
		AC4D2FBD2B1FBBCF002B44A1 /* Release */ = {
			isa = XCBuildConfiguration;
			buildSettings = {
				CODE_SIGN_STYLE = Automatic;
				CURRENT_PROJECT_VERSION = 1;
				GENERATE_INFOPLIST_FILE = YES;
				MARKETING_VERSION = 1.0;
				PRODUCT_BUNDLE_IDENTIFIER = com.aralbenli.MoviesUITests;
				PRODUCT_NAME = "$(TARGET_NAME)";
				SWIFT_EMIT_LOC_STRINGS = NO;
				SWIFT_VERSION = 5.0;
				TARGETED_DEVICE_FAMILY = "1,2";
				TEST_TARGET_NAME = Movies;
			};
			name = Release;
		};
/* End XCBuildConfiguration section */

/* Begin XCConfigurationList section */
		AC4D2F672B1F7DBD002B44A1 /* Build configuration list for PBXProject "Movies" */ = {
			isa = XCConfigurationList;
			buildConfigurations = (
				AC4D2F7E2B1F7DBE002B44A1 /* Debug */,
				AC4D2F7F2B1F7DBE002B44A1 /* Release */,
			);
			defaultConfigurationIsVisible = 0;
			defaultConfigurationName = Release;
		};
		AC4D2F802B1F7DBE002B44A1 /* Build configuration list for PBXNativeTarget "Movies" */ = {
			isa = XCConfigurationList;
			buildConfigurations = (
				AC4D2F812B1F7DBE002B44A1 /* Debug */,
				AC4D2F822B1F7DBE002B44A1 /* Release */,
			);
			defaultConfigurationIsVisible = 0;
			defaultConfigurationName = Release;
		};
		AC4D2FAC2B1FBBA6002B44A1 /* Build configuration list for PBXNativeTarget "MoviesTests" */ = {
			isa = XCConfigurationList;
			buildConfigurations = (
				AC4D2FAD2B1FBBA6002B44A1 /* Debug */,
				AC4D2FAE2B1FBBA6002B44A1 /* Release */,
			);
			defaultConfigurationIsVisible = 0;
			defaultConfigurationName = Release;
		};
		AC4D2FBB2B1FBBCF002B44A1 /* Build configuration list for PBXNativeTarget "MoviesUITests" */ = {
			isa = XCConfigurationList;
			buildConfigurations = (
				AC4D2FBC2B1FBBCF002B44A1 /* Debug */,
				AC4D2FBD2B1FBBCF002B44A1 /* Release */,
			);
			defaultConfigurationIsVisible = 0;
			defaultConfigurationName = Release;
		};
/* End XCConfigurationList section */

/* Begin XCRemoteSwiftPackageReference section */
		AC4D2F8B2B1F87A8002B44A1 /* XCRemoteSwiftPackageReference "RxSwift" */ = {
			isa = XCRemoteSwiftPackageReference;
			repositoryURL = "https://github.com/ReactiveX/RxSwift.git";
			requirement = {
				kind = upToNextMajorVersion;
				minimumVersion = 6.0.0;
			};
		};
		AC4D2F8C2B1F87C5002B44A1 /* XCRemoteSwiftPackageReference "Kingfisher" */ = {
			isa = XCRemoteSwiftPackageReference;
			repositoryURL = "https://github.com/onevcat/Kingfisher.git";
			requirement = {
				kind = upToNextMajorVersion;
				minimumVersion = 7.0.0;
			};
		};
/* End XCRemoteSwiftPackageReference section */

/* Begin XCSwiftPackageProductDependency section */
		AC4D2F8D2B1F87C5002B44A1 /* Kingfisher */ = {
			isa = XCSwiftPackageProductDependency;
			package = AC4D2F8C2B1F87C5002B44A1 /* XCRemoteSwiftPackageReference "Kingfisher" */;
			productName = Kingfisher;
		};
/* End XCSwiftPackageProductDependency section */
	};
	rootObject = AC4D2F642B1F7DBD002B44A1 /* Project object */;
}
